{
  "name": "@performanc/fastlink",
  "version": "2.4.2",
  "lockfileVersion": 3,
  "requires": true,
  "packages": {
    "": {
      "name": "@performanc/fastlink",
      "version": "2.4.2",
      "license": "BSD-2-Clause",
      "dependencies": {
        "@performanc/pwsl-mini": "github:PerformanC/internals#PWSL-mini"
      }
    },
    "node_modules/@performanc/pwsl-mini": {
      "version": "1.0.0",
      "resolved": "git+ssh://git@github.com/PerformanC/internals.git#d2949f35648421aafad799be9418820edf985bc7"
    }
  }
}
