{
  "name": "@performanc/fastlink",
  "version": "3.0.0",
  "lockfileVersion": 3,
  "requires": true,
  "packages": {
    "": {
      "name": "@performanc/fastlink",
      "version": "3.0.0",
      "license": "BSD-3-Clause",
      "dependencies": {
        "@performanc/pwsl": "github:performanc/internals#PWSL"
      }
    },
    "node_modules/@performanc/pwsl": {
      "version": "1.0.0",
      "resolved": "git+ssh://git@github.com/performanc/internals.git#9d8078f4582dcc5868e18fd2b36aad7184be88b1",
      "license": "BSD-2-Clause"
    }
  }
}
